
Microsoft Visual Studio Solution File, Format Version 12.00
# Visual Studio Version 16
VisualStudioVersion = 16.0.30204.135
MinimumVisualStudioVersion = 10.0.40219.1
Project("{FAE04EC0-301F-11D3-BF4B-00C04F79EFBC}") = "DotEnvToJson.App", "DotEnvToJson.App\DotEnvToJson.App.csproj", "{F709F54E-3B04-4849-8611-9CAB69A61F62}"
EndProject
Global
	GlobalSection(SolutionConfigurationPlatforms) = preSolution
		Debug|Any CPU = Debug|Any CPU
		Release|Any CPU = Release|Any CPU
	EndGlobalSection
	GlobalSection(ProjectConfigurationPlatforms) = postSolution
		{F709F54E-3B04-4849-8611-9CAB69A61F62}.Debug|Any CPU.ActiveCfg = Debug|Any CPU
		{F709F54E-3B04-4849-8611-9CAB69A61F62}.Debug|Any CPU.Build.0 = Debug|Any CPU
		{F709F54E-3B04-4849-8611-9CAB69A61F62}.Release|Any CPU.ActiveCfg = Release|Any CPU
		{F709F54E-3B04-4849-8611-9CAB69A61F62}.Release|Any CPU.Build.0 = Release|Any CPU
	EndGlobalSection
	GlobalSection(SolutionProperties) = preSolution
		HideSolutionNode = FALSE
	EndGlobalSection
	GlobalSection(ExtensibilityGlobals) = postSolution
		SolutionGuid = {2B52484B-E5BF-4118-BD3B-0D6076CB2E28}
	EndGlobalSection
EndGlobal
